# THIS IS AN AUTOGENERATED FILE. DO NOT EDIT THIS FILE DIRECTLY.
# yarn lockfile v1


"@babel/runtime@^7.1.2":
  version "7.2.0"
  resolved "https://registry.yarnpkg.com/@babel/runtime/-/runtime-7.2.0.tgz#b03e42eeddf5898e00646e4c840fa07ba8dcad7f"
  integrity sha512-oouEibCbHMVdZSDlJBO6bZmID/zA/G/Qx3H1d3rSNPTD+L8UNKvCat7aKWSJ74zYbm5zWGh0GQN0hKj8zYFTCg==
  dependencies:
    regenerator-runtime "^0.12.0"

classnames@^2.2.6:
  version "2.2.6"
  resolved "https://registry.yarnpkg.com/classnames/-/classnames-2.2.6.tgz#43935bffdd291f326dad0a205309b38d00f650ce"
  integrity sha512-JR/iSQOSt+LQIWwrwEzJ9uk0xfN3mTVYMwt1Ir5mUcSN6pU+V4zQFFaJsclJbPuAUQH+yfWef6tm7l1quW3C8Q==

date-arithmetic@^3.1.0:
  version "3.1.0"
  resolved "https://registry.yarnpkg.com/date-arithmetic/-/date-arithmetic-3.1.0.tgz#1fcd03dbd504b9dbee2b9078c85a5f1c7d3cc2d3"
  integrity sha1-H80D29UEudvuK5B4yFpfHH08wtM=

dom-helpers@^3.3.1:
  version "3.4.0"
  resolved "https://registry.yarnpkg.com/dom-helpers/-/dom-helpers-3.4.0.tgz#e9b369700f959f62ecde5a6babde4bccd9169af8"
  integrity sha512-LnuPJ+dwqKDIyotW1VzmOZ5TONUN7CwkCR5hrgawTUbkBGYdeoNLZo6nNfGkCrjtE1nXXaj7iMMpDa8/d9WoIA==
  dependencies:
    "@babel/runtime" "^7.1.2"

invariant@^2.2.4:
  version "2.2.4"
  resolved "https://registry.yarnpkg.com/invariant/-/invariant-2.2.4.tgz#610f3c92c9359ce1db616e538008d23ff35158e6"
  integrity sha512-phJfQVBuaJM5raOpJjSfkiD6BpbCE4Ns//LaXl6wGYtUBY83nWS6Rf9tXm2e8VaK60JEjYldbPif/A2B1C2gNA==
  dependencies:
    loose-envify "^1.0.0"

"js-tokens@^3.0.0 || ^4.0.0":
  version "4.0.0"
  resolved "https://registry.yarnpkg.com/js-tokens/-/js-tokens-4.0.0.tgz#19203fb59991df98e3a287050d4647cdeaf32499"
  integrity sha512-RdJUflcE3cUzKiMqQgsCu06FPu9UdIJO0beYbPhHN4k6apgJtifcoCtT9bcxOpYBtpD2kCM6Sbzg4CausW/PKQ==

loose-envify@^1.0.0, loose-envify@^1.1.0, loose-envify@^1.3.1, loose-envify@^1.4.0:
  version "1.4.0"
  resolved "https://registry.yarnpkg.com/loose-envify/-/loose-envify-1.4.0.tgz#71ee51fa7be4caec1a63839f7e682d8132d30caf"
  integrity sha512-lyuxPGr/Wfhrlem2CL/UcnUc1zcqKAImBDzukY7Y5F/yQiNdko6+fRLevlw1HgMySw7f611UIY408EtxRSoK3Q==
  dependencies:
    js-tokens "^3.0.0 || ^4.0.0"

object-assign@^4.1.1:
  version "4.1.1"
  resolved "https://registry.yarnpkg.com/object-assign/-/object-assign-4.1.1.tgz#2109adc7965887cfc05cbbd442cac8bfbb360863"
  integrity sha1-IQmtx5ZYh8/AXLvUQsrIv7s2CGM=

prop-types-extra@^1.0.1:
  version "1.1.0"
  resolved "https://registry.yarnpkg.com/prop-types-extra/-/prop-types-extra-1.1.0.tgz#32609910ea2dcf190366bacd3490d5a6412a605f"
  integrity sha512-QFyuDxvMipmIVKD2TwxLVPzMnO4e5oOf1vr3tJIomL8E7d0lr6phTHd5nkPhFIzTD1idBLLEPeylL9g+rrTzRg==
  dependencies:
    react-is "^16.3.2"
    warning "^3.0.0"

prop-types@^15.6.1, prop-types@^15.6.2:
  version "15.6.2"
  resolved "https://registry.yarnpkg.com/prop-types/-/prop-types-15.6.2.tgz#05d5ca77b4453e985d60fc7ff8c859094a497102"
  integrity sha512-3pboPvLiWD7dkI3qf3KbUe6hKFKa52w+AE0VCqECtf+QHAKgOL37tTaNCnuX1nAAQ4ZhyP+kYVKf8rLmJ/feDQ==
  dependencies:
    loose-envify "^1.3.1"
    object-assign "^4.1.1"

react-component-managers@^3.1.0:
  version "3.2.2"
  resolved "https://registry.yarnpkg.com/react-component-managers/-/react-component-managers-3.2.2.tgz#b02a965465a32118ffc967f59730618370432412"
  integrity sha512-SqtB09hS1ir0koBNybvNbNAB3k/r7IbIGbXSxvkkTV0m50s+4oJ59KYsbPAQ/2DhE169Rc5V26d674EcGcDbGA==
  dependencies:
    prop-types "^15.6.1"
    spy-on-component "^1.1.0"

react-dom@^16.7.0:
  version "16.7.0"
  resolved "https://registry.yarnpkg.com/react-dom/-/react-dom-16.7.0.tgz#a17b2a7ca89ee7390bc1ed5eb81783c7461748b8"
  integrity sha512-D0Ufv1ExCAmF38P2Uh1lwpminZFRXEINJe53zRAbm4KPwSyd6DY/uDoS0Blj9jvPpn1+wivKpZYc8aAAN/nAkg==
  dependencies:
    loose-envify "^1.1.0"
    object-assign "^4.1.1"
    prop-types "^15.6.2"
    scheduler "^0.12.0"

react-is@^16.3.2:
  version "16.7.0"
  resolved "https://registry.yarnpkg.com/react-is/-/react-is-16.7.0.tgz#c1bd21c64f1f1364c6f70695ec02d69392f41bfa"
  integrity sha512-Z0VRQdF4NPDoI0tsXVMLkJLiwEBa+RP66g0xDHxgxysxSoCUccSten4RTF/UFvZF1dZvZ9Zu1sx+MDXwcOR34g==

react-lifecycles-compat@^3.0.4:
  version "3.0.4"
  resolved "https://registry.yarnpkg.com/react-lifecycles-compat/-/react-lifecycles-compat-3.0.4.tgz#4f1a273afdfc8f3488a8c516bfda78f872352362"
  integrity sha512-fBASbA6LnOU9dOU2eW7aQ8xmYBSXUIWr+UmF9b1efZBazGNO+rcXT/icdKnYm2pTwcRylVUYwW7H1PHfLekVzA==

react-transition-group@^2.4.0:
  version "2.5.2"
  resolved "https://registry.yarnpkg.com/react-transition-group/-/react-transition-group-2.5.2.tgz#9457166a9ba6ce697a3e1b076b3c049b9fb2c408"
  integrity sha512-vwHP++S+f6KL7rg8V1mfs62+MBKtbMeZDR8KiNmD7v98Gs3UPGsDZDahPJH2PVprFW5YHJfh6cbNim3zPndaSQ==
  dependencies:
    dom-helpers "^3.3.1"
    loose-envify "^1.4.0"
    prop-types "^15.6.2"
    react-lifecycles-compat "^3.0.4"

react-widgets@^4.4.8:
  version "4.4.8"
  resolved "https://registry.yarnpkg.com/react-widgets/-/react-widgets-4.4.8.tgz#01410e81b0fd4b8bd1867cb2b4844979c190f603"
  integrity sha512-F8OJR94DfeTxgA9SmiINrnOGWT4FICjK2ZpjtL9uW6CBf5oognSAxogmsmQWVask4/6fBKlOD7IUA0dfxCGGrw==
  dependencies:
    classnames "^2.2.6"
    date-arithmetic "^3.1.0"
    dom-helpers "^3.3.1"
    invariant "^2.2.4"
    prop-types-extra "^1.0.1"
    react-component-managers "^3.1.0"
    react-lifecycles-compat "^3.0.4"
    react-transition-group "^2.4.0"
    uncontrollable "^5.0.0"
    warning "^3.0.0"

react@^16.7.0:
  version "16.7.0"
  resolved "https://registry.yarnpkg.com/react/-/react-16.7.0.tgz#b674ec396b0a5715873b350446f7ea0802ab6381"
  integrity sha512-StCz3QY8lxTb5cl2HJxjwLFOXPIFQp+p+hxQfc8WE0QiLfCtIlKj8/+5tjjKm8uSTlAW+fCPaavGFS06V9Ar3A==
  dependencies:
    loose-envify "^1.1.0"
    object-assign "^4.1.1"
    prop-types "^15.6.2"
    scheduler "^0.12.0"

regenerator-runtime@^0.12.0:
  version "0.12.1"
  resolved "https://registry.yarnpkg.com/regenerator-runtime/-/regenerator-runtime-0.12.1.tgz#fa1a71544764c036f8c49b13a08b2594c9f8a0de"
  integrity sha512-odxIc1/vDlo4iZcfXqRYFj0vpXFNoGdKMAUieAlFYO6m/nl5e9KR/beGf41z4a1FI+aQgtjhuaSlDxQ0hmkrHg==

scheduler@^0.12.0:
  version "0.12.0"
  resolved "https://registry.yarnpkg.com/scheduler/-/scheduler-0.12.0.tgz#8ab17699939c0aedc5a196a657743c496538647b"
  integrity sha512-t7MBR28Akcp4Jm+QoR63XgAi9YgCUmgvDHqf5otgAj4QvdoBE4ImCX0ffehefePPG+aitiYHp0g/mW6s4Tp+dw==
  dependencies:
    loose-envify "^1.1.0"
    object-assign "^4.1.1"

spy-on-component@^1.1.0:
  version "1.1.2"
  resolved "https://registry.yarnpkg.com/spy-on-component/-/spy-on-component-1.1.2.tgz#70cec3a0b87dfb9d5356e288135fd349d138d407"
  integrity sha512-ndyPLiqAPcDETg2VO0TM35uq6kLKvhss2ILBV+jfXZz55lRk5zphmbrHKwwIu9++n56+56KLbY/zhJnPF6Yqyg==

uncontrollable@^5.0.0:
  version "5.1.0"
  resolved "https://registry.yarnpkg.com/uncontrollable/-/uncontrollable-5.1.0.tgz#7e9a1c50ea24e3c78b625e52d21ff3f758c7bd59"
  integrity sha512-5FXYaFANKaafg4IVZXUNtGyzsnYEvqlr9wQ3WpZxFpEUxl29A3H6Q4G1Dnnorvq9TGOGATBApWR4YpLAh+F5hw==
  dependencies:
    invariant "^2.2.4"

warning@^3.0.0:
  version "3.0.0"
  resolved "https://registry.yarnpkg.com/warning/-/warning-3.0.0.tgz#32e5377cb572de4ab04753bdf8821c01ed605b7c"
  integrity sha1-MuU3fLVy3kqwR1O9+IIcAe1gW3w=
  dependencies:
    loose-envify "^1.0.0"
